// !$*UTF8*$!
{
	archiveVersion = 1;
	classes = {
	};
	objectVersion = 56;
	objects = {

/* Begin PBXBuildFile section */
		5C914DCD295DDBCB005F9A37 /* AppDelegate.swift in Sources */ = {isa = PBXBuildFile; fileRef = 5C914DCC295DDBCB005F9A37 /* AppDelegate.swift */; };
		5C914DCF295DDBCB005F9A37 /* SceneDelegate.swift in Sources */ = {isa = PBXBuildFile; fileRef = 5C914DCE295DDBCB005F9A37 /* SceneDelegate.swift */; };
		5C914DD1295DDBCB005F9A37 /* ViewController.swift in Sources */ = {isa = PBXBuildFile; fileRef = 5C914DD0295DDBCB005F9A37 /* ViewController.swift */; };
		5C914DD4295DDBCB005F9A37 /* Main.storyboard in Resources */ = {isa = PBXBuildFile; fileRef = 5C914DD2295DDBCB005F9A37 /* Main.storyboard */; };
		5C914DD6295DDBCC005F9A37 /* Assets.xcassets in Resources */ = {isa = PBXBuildFile; fileRef = 5C914DD5295DDBCC005F9A37 /* Assets.xcassets */; };
		5C914DD9295DDBCC005F9A37 /* LaunchScreen.storyboard in Resources */ = {isa = PBXBuildFile; fileRef = 5C914DD7295DDBCC005F9A37 /* LaunchScreen.storyboard */; };
		5C914DE4295DDBCD005F9A37 /* PointInTriangleTests.swift in Sources */ = {isa = PBXBuildFile; fileRef = 5C914DE3295DDBCD005F9A37 /* PointInTriangleTests.swift */; };
		5C914DEE295DDBCD005F9A37 /* PointInPolygonUITests.swift in Sources */ = {isa = PBXBuildFile; fileRef = 5C914DED295DDBCD005F9A37 /* PointInPolygonUITests.swift */; };
		5C914DF0295DDBCD005F9A37 /* PointInPolygonUITestsLaunchTests.swift in Sources */ = {isa = PBXBuildFile; fileRef = 5C914DEF295DDBCD005F9A37 /* PointInPolygonUITestsLaunchTests.swift */; };
		5C914DFD295DDC62005F9A37 /* PointInPolygonSolver.swift in Sources */ = {isa = PBXBuildFile; fileRef = 5C914DFC295DDC62005F9A37 /* PointInPolygonSolver.swift */; };
		5C914DFF295DDC8E005F9A37 /* Point.swift in Sources */ = {isa = PBXBuildFile; fileRef = 5C914DFE295DDC8E005F9A37 /* Point.swift */; };
		5C914E01295EB97D005F9A37 /* TriangulateTests.swift in Sources */ = {isa = PBXBuildFile; fileRef = 5C914E00295EB97D005F9A37 /* TriangulateTests.swift */; };
		5C914E05295ECA60005F9A37 /* AngleCheck.swift in Sources */ = {isa = PBXBuildFile; fileRef = 5C914E04295ECA60005F9A37 /* AngleCheck.swift */; };
		5C914E07295F0796005F9A37 /* crossProduct.swift in Sources */ = {isa = PBXBuildFile; fileRef = 5C914E06295F0796005F9A37 /* crossProduct.swift */; };
		5C914E09295F341C005F9A37 /* nearestDistanceToLineBetweenTwoPoints.swift in Sources */ = {isa = PBXBuildFile; fileRef = 5C914E08295F341C005F9A37 /* nearestDistanceToLineBetweenTwoPoints.swift */; };
		5C914E0B296167D9005F9A37 /* PointInPolygon.swift in Sources */ = {isa = PBXBuildFile; fileRef = 5C914E0A296167D9005F9A37 /* PointInPolygon.swift */; };
/* End PBXBuildFile section */

/* Begin PBXContainerItemProxy section */
		5C914DE0295DDBCD005F9A37 /* PBXContainerItemProxy */ = {
			isa = PBXContainerItemProxy;
			containerPortal = 5C914DC1295DDBCA005F9A37 /* Project object */;
			proxyType = 1;
			remoteGlobalIDString = 5C914DC8295DDBCB005F9A37;
			remoteInfo = PointInPolygon;
		};
		5C914DEA295DDBCD005F9A37 /* PBXContainerItemProxy */ = {
			isa = PBXContainerItemProxy;
			containerPortal = 5C914DC1295DDBCA005F9A37 /* Project object */;
			proxyType = 1;
			remoteGlobalIDString = 5C914DC8295DDBCB005F9A37;
			remoteInfo = PointInPolygon;
		};
/* End PBXContainerItemProxy section */

/* Begin PBXFileReference section */
		5C914DC9295DDBCB005F9A37 /* PointInPolygon.app */ = {isa = PBXFileReference; explicitFileType = wrapper.application; includeInIndex = 0; path = PointInPolygon.app; sourceTree = BUILT_PRODUCTS_DIR; };
		5C914DCC295DDBCB005F9A37 /* AppDelegate.swift */ = {isa = PBXFileReference; lastKnownFileType = sourcecode.swift; path = AppDelegate.swift; sourceTree = "<group>"; };
		5C914DCE295DDBCB005F9A37 /* SceneDelegate.swift */ = {isa = PBXFileReference; lastKnownFileType = sourcecode.swift; path = SceneDelegate.swift; sourceTree = "<group>"; };
		5C914DD0295DDBCB005F9A37 /* ViewController.swift */ = {isa = PBXFileReference; lastKnownFileType = sourcecode.swift; path = ViewController.swift; sourceTree = "<group>"; };
		5C914DD3295DDBCB005F9A37 /* Base */ = {isa = PBXFileReference; lastKnownFileType = file.storyboard; name = Base; path = Base.lproj/Main.storyboard; sourceTree = "<group>"; };
		5C914DD5295DDBCC005F9A37 /* Assets.xcassets */ = {isa = PBXFileReference; lastKnownFileType = folder.assetcatalog; path = Assets.xcassets; sourceTree = "<group>"; };
		5C914DD8295DDBCC005F9A37 /* Base */ = {isa = PBXFileReference; lastKnownFileType = file.storyboard; name = Base; path = Base.lproj/LaunchScreen.storyboard; sourceTree = "<group>"; };
		5C914DDA295DDBCC005F9A37 /* Info.plist */ = {isa = PBXFileReference; lastKnownFileType = text.plist.xml; path = Info.plist; sourceTree = "<group>"; };
		5C914DDF295DDBCD005F9A37 /* PointInPolygonTests.xctest */ = {isa = PBXFileReference; explicitFileType = wrapper.cfbundle; includeInIndex = 0; path = PointInPolygonTests.xctest; sourceTree = BUILT_PRODUCTS_DIR; };
		5C914DE3295DDBCD005F9A37 /* PointInTriangleTests.swift */ = {isa = PBXFileReference; lastKnownFileType = sourcecode.swift; path = PointInTriangleTests.swift; sourceTree = "<group>"; };
		5C914DE9295DDBCD005F9A37 /* PointInPolygonUITests.xctest */ = {isa = PBXFileReference; explicitFileType = wrapper.cfbundle; includeInIndex = 0; path = PointInPolygonUITests.xctest; sourceTree = BUILT_PRODUCTS_DIR; };
		5C914DED295DDBCD005F9A37 /* PointInPolygonUITests.swift */ = {isa = PBXFileReference; lastKnownFileType = sourcecode.swift; path = PointInPolygonUITests.swift; sourceTree = "<group>"; };
		5C914DEF295DDBCD005F9A37 /* PointInPolygonUITestsLaunchTests.swift */ = {isa = PBXFileReference; lastKnownFileType = sourcecode.swift; path = PointInPolygonUITestsLaunchTests.swift; sourceTree = "<group>"; };
		5C914DFC295DDC62005F9A37 /* PointInPolygonSolver.swift */ = {isa = PBXFileReference; lastKnownFileType = sourcecode.swift; path = PointInPolygonSolver.swift; sourceTree = "<group>"; };
		5C914DFE295DDC8E005F9A37 /* Point.swift */ = {isa = PBXFileReference; lastKnownFileType = sourcecode.swift; path = Point.swift; sourceTree = "<group>"; };
		5C914E00295EB97D005F9A37 /* TriangulateTests.swift */ = {isa = PBXFileReference; lastKnownFileType = sourcecode.swift; path = TriangulateTests.swift; sourceTree = "<group>"; };
		5C914E04295ECA60005F9A37 /* AngleCheck.swift */ = {isa = PBXFileReference; lastKnownFileType = sourcecode.swift; path = AngleCheck.swift; sourceTree = "<group>"; };
		5C914E06295F0796005F9A37 /* crossProduct.swift */ = {isa = PBXFileReference; lastKnownFileType = sourcecode.swift; path = crossProduct.swift; sourceTree = "<group>"; };
		5C914E08295F341C005F9A37 /* nearestDistanceToLineBetweenTwoPoints.swift */ = {isa = PBXFileReference; lastKnownFileType = sourcecode.swift; path = nearestDistanceToLineBetweenTwoPoints.swift; sourceTree = "<group>"; };
		5C914E0A296167D9005F9A37 /* PointInPolygon.swift */ = {isa = PBXFileReference; lastKnownFileType = sourcecode.swift; path = PointInPolygon.swift; sourceTree = "<group>"; };
/* End PBXFileReference section */

/* Begin PBXFrameworksBuildPhase section */
		5C914DC6295DDBCB005F9A37 /* Frameworks */ = {
			isa = PBXFrameworksBuildPhase;
			buildActionMask = 2147483647;
			files = (
			);
			runOnlyForDeploymentPostprocessing = 0;
		};
		5C914DDC295DDBCD005F9A37 /* Frameworks */ = {
			isa = PBXFrameworksBuildPhase;
			buildActionMask = 2147483647;
			files = (
			);
			runOnlyForDeploymentPostprocessing = 0;
		};
		5C914DE6295DDBCD005F9A37 /* Frameworks */ = {
			isa = PBXFrameworksBuildPhase;
			buildActionMask = 2147483647;
			files = (
			);
			runOnlyForDeploymentPostprocessing = 0;
		};
/* End PBXFrameworksBuildPhase section */

/* Begin PBXGroup section */
		5C914DC0295DDBCA005F9A37 = {
			isa = PBXGroup;
			children = (
				5C914DCB295DDBCB005F9A37 /* PointInPolygon */,
				5C914DE2295DDBCD005F9A37 /* PointInPolygonTests */,
				5C914DEC295DDBCD005F9A37 /* PointInPolygonUITests */,
				5C914DCA295DDBCB005F9A37 /* Products */,
			);
			sourceTree = "<group>";
		};
		5C914DCA295DDBCB005F9A37 /* Products */ = {
			isa = PBXGroup;
			children = (
				5C914DC9295DDBCB005F9A37 /* PointInPolygon.app */,
				5C914DDF295DDBCD005F9A37 /* PointInPolygonTests.xctest */,
				5C914DE9295DDBCD005F9A37 /* PointInPolygonUITests.xctest */,
			);
			name = Products;
			sourceTree = "<group>";
		};
		5C914DCB295DDBCB005F9A37 /* PointInPolygon */ = {
			isa = PBXGroup;
			children = (
				5C914DCC295DDBCB005F9A37 /* AppDelegate.swift */,
				5C914DFC295DDC62005F9A37 /* PointInPolygonSolver.swift */,
				5C914DFE295DDC8E005F9A37 /* Point.swift */,
				5C914DCE295DDBCB005F9A37 /* SceneDelegate.swift */,
				5C914DD0295DDBCB005F9A37 /* ViewController.swift */,
				5C914DD2295DDBCB005F9A37 /* Main.storyboard */,
				5C914DD5295DDBCC005F9A37 /* Assets.xcassets */,
				5C914DD7295DDBCC005F9A37 /* LaunchScreen.storyboard */,
				5C914DDA295DDBCC005F9A37 /* Info.plist */,
			);
			path = PointInPolygon;
			sourceTree = "<group>";
		};
		5C914DE2295DDBCD005F9A37 /* PointInPolygonTests */ = {
			isa = PBXGroup;
			children = (
				5C914E0A296167D9005F9A37 /* PointInPolygon.swift */,
				5C914DE3295DDBCD005F9A37 /* PointInTriangleTests.swift */,
				5C914E08295F341C005F9A37 /* nearestDistanceToLineBetweenTwoPoints.swift */,
				5C914E00295EB97D005F9A37 /* TriangulateTests.swift */,
				5C914E04295ECA60005F9A37 /* AngleCheck.swift */,
				5C914E06295F0796005F9A37 /* crossProduct.swift */,
			);
			path = PointInPolygonTests;
			sourceTree = "<group>";
		};
		5C914DEC295DDBCD005F9A37 /* PointInPolygonUITests */ = {
			isa = PBXGroup;
			children = (
				5C914DED295DDBCD005F9A37 /* PointInPolygonUITests.swift */,
				5C914DEF295DDBCD005F9A37 /* PointInPolygonUITestsLaunchTests.swift */,
			);
			path = PointInPolygonUITests;
			sourceTree = "<group>";
		};
/* End PBXGroup section */

/* Begin PBXNativeTarget section */
		5C914DC8295DDBCB005F9A37 /* PointInPolygon */ = {
			isa = PBXNativeTarget;
			buildConfigurationList = 5C914DF3295DDBCD005F9A37 /* Build configuration list for PBXNativeTarget "PointInPolygon" */;
			buildPhases = (
				5C914DC5295DDBCB005F9A37 /* Sources */,
				5C914DC6295DDBCB005F9A37 /* Frameworks */,
				5C914DC7295DDBCB005F9A37 /* Resources */,
			);
			buildRules = (
			);
			dependencies = (
			);
			name = PointInPolygon;
			productName = PointInPolygon;
			productReference = 5C914DC9295DDBCB005F9A37 /* PointInPolygon.app */;
			productType = "com.apple.product-type.application";
		};
		5C914DDE295DDBCD005F9A37 /* PointInPolygonTests */ = {
			isa = PBXNativeTarget;
			buildConfigurationList = 5C914DF6295DDBCD005F9A37 /* Build configuration list for PBXNativeTarget "PointInPolygonTests" */;
			buildPhases = (
				5C914DDB295DDBCD005F9A37 /* Sources */,
				5C914DDC295DDBCD005F9A37 /* Frameworks */,
				5C914DDD295DDBCD005F9A37 /* Resources */,
			);
			buildRules = (
			);
			dependencies = (
				5C914DE1295DDBCD005F9A37 /* PBXTargetDependency */,
			);
			name = PointInPolygonTests;
			productName = PointInPolygonTests;
			productReference = 5C914DDF295DDBCD005F9A37 /* PointInPolygonTests.xctest */;
			productType = "com.apple.product-type.bundle.unit-test";
		};
		5C914DE8295DDBCD005F9A37 /* PointInPolygonUITests */ = {
			isa = PBXNativeTarget;
			buildConfigurationList = 5C914DF9295DDBCD005F9A37 /* Build configuration list for PBXNativeTarget "PointInPolygonUITests" */;
			buildPhases = (
				5C914DE5295DDBCD005F9A37 /* Sources */,
				5C914DE6295DDBCD005F9A37 /* Frameworks */,
				5C914DE7295DDBCD005F9A37 /* Resources */,
			);
			buildRules = (
			);
			dependencies = (
				5C914DEB295DDBCD005F9A37 /* PBXTargetDependency */,
			);
			name = PointInPolygonUITests;
			productName = PointInPolygonUITests;
			productReference = 5C914DE9295DDBCD005F9A37 /* PointInPolygonUITests.xctest */;
			productType = "com.apple.product-type.bundle.ui-testing";
		};
/* End PBXNativeTarget section */

/* Begin PBXProject section */
		5C914DC1295DDBCA005F9A37 /* Project object */ = {
			isa = PBXProject;
			attributes = {
				BuildIndependentTargetsInParallel = 1;
				LastSwiftUpdateCheck = 1420;
				LastUpgradeCheck = 1420;
				TargetAttributes = {
					5C914DC8295DDBCB005F9A37 = {
						CreatedOnToolsVersion = 14.2;
					};
					5C914DDE295DDBCD005F9A37 = {
						CreatedOnToolsVersion = 14.2;
						TestTargetID = 5C914DC8295DDBCB005F9A37;
					};
					5C914DE8295DDBCD005F9A37 = {
						CreatedOnToolsVersion = 14.2;
						TestTargetID = 5C914DC8295DDBCB005F9A37;
					};
				};
			};
			buildConfigurationList = 5C914DC4295DDBCA005F9A37 /* Build configuration list for PBXProject "PointInPolygon" */;
			compatibilityVersion = "Xcode 14.0";
			developmentRegion = en;
			hasScannedForEncodings = 0;
			knownRegions = (
				en,
				Base,
			);
			mainGroup = 5C914DC0295DDBCA005F9A37;
			productRefGroup = 5C914DCA295DDBCB005F9A37 /* Products */;
			projectDirPath = "";
			projectRoot = "";
			targets = (
				5C914DC8295DDBCB005F9A37 /* PointInPolygon */,
				5C914DDE295DDBCD005F9A37 /* PointInPolygonTests */,
				5C914DE8295DDBCD005F9A37 /* PointInPolygonUITests */,
			);
		};
/* End PBXProject section */

/* Begin PBXResourcesBuildPhase section */
		5C914DC7295DDBCB005F9A37 /* Resources */ = {
			isa = PBXResourcesBuildPhase;
			buildActionMask = 2147483647;
			files = (
				5C914DD9295DDBCC005F9A37 /* LaunchScreen.storyboard in Resources */,
				5C914DD6295DDBCC005F9A37 /* Assets.xcassets in Resources */,
				5C914DD4295DDBCB005F9A37 /* Main.storyboard in Resources */,
			);
			runOnlyForDeploymentPostprocessing = 0;
		};
		5C914DDD295DDBCD005F9A37 /* Resources */ = {
			isa = PBXResourcesBuildPhase;
			buildActionMask = 2147483647;
			files = (
			);
			runOnlyForDeploymentPostprocessing = 0;
		};
		5C914DE7295DDBCD005F9A37 /* Resources */ = {
			isa = PBXResourcesBuildPhase;
			buildActionMask = 2147483647;
			files = (
			);
			runOnlyForDeploymentPostprocessing = 0;
		};
/* End PBXResourcesBuildPhase section */

/* Begin PBXSourcesBuildPhase section */
		5C914DC5295DDBCB005F9A37 /* Sources */ = {
			isa = PBXSourcesBuildPhase;
			buildActionMask = 2147483647;
			files = (
				5C914DD1295DDBCB005F9A37 /* ViewController.swift in Sources */,
				5C914DFF295DDC8E005F9A37 /* Point.swift in Sources */,
				5C914DFD295DDC62005F9A37 /* PointInPolygonSolver.swift in Sources */,
				5C914DCD295DDBCB005F9A37 /* AppDelegate.swift in Sources */,
				5C914DCF295DDBCB005F9A37 /* SceneDelegate.swift in Sources */,
			);
			runOnlyForDeploymentPostprocessing = 0;
		};
		5C914DDB295DDBCD005F9A37 /* Sources */ = {
			isa = PBXSourcesBuildPhase;
			buildActionMask = 2147483647;
			files = (
				5C914E07295F0796005F9A37 /* crossProduct.swift in Sources */,
				5C914E05295ECA60005F9A37 /* AngleCheck.swift in Sources */,
				5C914E0B296167D9005F9A37 /* PointInPolygon.swift in Sources */,
				5C914E09295F341C005F9A37 /* nearestDistanceToLineBetweenTwoPoints.swift in Sources */,
				5C914E01295EB97D005F9A37 /* TriangulateTests.swift in Sources */,
				5C914DE4295DDBCD005F9A37 /* PointInTriangleTests.swift in Sources */,
			);
			runOnlyForDeploymentPostprocessing = 0;
		};
		5C914DE5295DDBCD005F9A37 /* Sources */ = {
			isa = PBXSourcesBuildPhase;
			buildActionMask = 2147483647;
			files = (
				5C914DEE295DDBCD005F9A37 /* PointInPolygonUITests.swift in Sources */,
				5C914DF0295DDBCD005F9A37 /* PointInPolygonUITestsLaunchTests.swift in Sources */,
			);
			runOnlyForDeploymentPostprocessing = 0;
		};
/* End PBXSourcesBuildPhase section */

/* Begin PBXTargetDependency section */
		5C914DE1295DDBCD005F9A37 /* PBXTargetDependency */ = {
			isa = PBXTargetDependency;
			target = 5C914DC8295DDBCB005F9A37 /* PointInPolygon */;
			targetProxy = 5C914DE0295DDBCD005F9A37 /* PBXContainerItemProxy */;
		};
		5C914DEB295DDBCD005F9A37 /* PBXTargetDependency */ = {
			isa = PBXTargetDependency;
			target = 5C914DC8295DDBCB005F9A37 /* PointInPolygon */;
			targetProxy = 5C914DEA295DDBCD005F9A37 /* PBXContainerItemProxy */;
		};
/* End PBXTargetDependency section */

/* Begin PBXVariantGroup section */
		5C914DD2295DDBCB005F9A37 /* Main.storyboard */ = {
			isa = PBXVariantGroup;
			children = (
				5C914DD3295DDBCB005F9A37 /* Base */,
			);
			name = Main.storyboard;
			sourceTree = "<group>";
		};
		5C914DD7295DDBCC005F9A37 /* LaunchScreen.storyboard */ = {
			isa = PBXVariantGroup;
			children = (
				5C914DD8295DDBCC005F9A37 /* Base */,
			);
			name = LaunchScreen.storyboard;
			sourceTree = "<group>";
		};
/* End PBXVariantGroup section */

/* Begin XCBuildConfiguration section */
		5C914DF1295DDBCD005F9A37 /* Debug */ = {
			isa = XCBuildConfiguration;
			buildSettings = {
				ALWAYS_SEARCH_USER_PATHS = NO;
				CLANG_ANALYZER_NONNULL = YES;
				CLANG_ANALYZER_NUMBER_OBJECT_CONVERSION = YES_AGGRESSIVE;
				CLANG_CXX_LANGUAGE_STANDARD = "gnu++20";
				CLANG_ENABLE_MODULES = YES;
				CLANG_ENABLE_OBJC_ARC = YES;
				CLANG_ENABLE_OBJC_WEAK = YES;
				CLANG_WARN_BLOCK_CAPTURE_AUTORELEASING = YES;
				CLANG_WARN_BOOL_CONVERSION = YES;
				CLANG_WARN_COMMA = YES;
				CLANG_WARN_CONSTANT_CONVERSION = YES;
				CLANG_WARN_DEPRECATED_OBJC_IMPLEMENTATIONS = YES;
				CLANG_WARN_DIRECT_OBJC_ISA_USAGE = YES_ERROR;
				CLANG_WARN_DOCUMENTATION_COMMENTS = YES;
				CLANG_WARN_EMPTY_BODY = YES;
				CLANG_WARN_ENUM_CONVERSION = YES;
				CLANG_WARN_INFINITE_RECURSION = YES;
				CLANG_WARN_INT_CONVERSION = YES;
				CLANG_WARN_NON_LITERAL_NULL_CONVERSION = YES;
				CLANG_WARN_OBJC_IMPLICIT_RETAIN_SELF = YES;
				CLANG_WARN_OBJC_LITERAL_CONVERSION = YES;
				CLANG_WARN_OBJC_ROOT_CLASS = YES_ERROR;
				CLANG_WARN_QUOTED_INCLUDE_IN_FRAMEWORK_HEADER = YES;
				CLANG_WARN_RANGE_LOOP_ANALYSIS = YES;
				CLANG_WARN_STRICT_PROTOTYPES = YES;
				CLANG_WARN_SUSPICIOUS_MOVE = YES;
				CLANG_WARN_UNGUARDED_AVAILABILITY = YES_AGGRESSIVE;
				CLANG_WARN_UNREACHABLE_CODE = YES;
				CLANG_WARN__DUPLICATE_METHOD_MATCH = YES;
				COPY_PHASE_STRIP = NO;
				DEBUG_INFORMATION_FORMAT = dwarf;
				ENABLE_STRICT_OBJC_MSGSEND = YES;
				ENABLE_TESTABILITY = YES;
				GCC_C_LANGUAGE_STANDARD = gnu11;
				GCC_DYNAMIC_NO_PIC = NO;
				GCC_NO_COMMON_BLOCKS = YES;
				GCC_OPTIMIZATION_LEVEL = 0;
				GCC_PREPROCESSOR_DEFINITIONS = (
					"DEBUG=1",
					"$(inherited)",
				);
				GCC_WARN_64_TO_32_BIT_CONVERSION = YES;
				GCC_WARN_ABOUT_RETURN_TYPE = YES_ERROR;
				GCC_WARN_UNDECLARED_SELECTOR = YES;
				GCC_WARN_UNINITIALIZED_AUTOS = YES_AGGRESSIVE;
				GCC_WARN_UNUSED_FUNCTION = YES;
				GCC_WARN_UNUSED_VARIABLE = YES;
				IPHONEOS_DEPLOYMENT_TARGET = 16.2;
				MTL_ENABLE_DEBUG_INFO = INCLUDE_SOURCE;
				MTL_FAST_MATH = YES;
				ONLY_ACTIVE_ARCH = YES;
				SDKROOT = iphoneos;
				SWIFT_ACTIVE_COMPILATION_CONDITIONS = DEBUG;
				SWIFT_OPTIMIZATION_LEVEL = "-Onone";
			};
			name = Debug;
		};
		5C914DF2295DDBCD005F9A37 /* Release */ = {
			isa = XCBuildConfiguration;
			buildSettings = {
				ALWAYS_SEARCH_USER_PATHS = NO;
				CLANG_ANALYZER_NONNULL = YES;
				CLANG_ANALYZER_NUMBER_OBJECT_CONVERSION = YES_AGGRESSIVE;
				CLANG_CXX_LANGUAGE_STANDARD = "gnu++20";
				CLANG_ENABLE_MODULES = YES;
				CLANG_ENABLE_OBJC_ARC = YES;
				CLANG_ENABLE_OBJC_WEAK = YES;
				CLANG_WARN_BLOCK_CAPTURE_AUTORELEASING = YES;
				CLANG_WARN_BOOL_CONVERSION = YES;
				CLANG_WARN_COMMA = YES;
				CLANG_WARN_CONSTANT_CONVERSION = YES;
				CLANG_WARN_DEPRECATED_OBJC_IMPLEMENTATIONS = YES;
				CLANG_WARN_DIRECT_OBJC_ISA_USAGE = YES_ERROR;
				CLANG_WARN_DOCUMENTATION_COMMENTS = YES;
				CLANG_WARN_EMPTY_BODY = YES;
				CLANG_WARN_ENUM_CONVERSION = YES;
				CLANG_WARN_INFINITE_RECURSION = YES;
				CLANG_WARN_INT_CONVERSION = YES;
				CLANG_WARN_NON_LITERAL_NULL_CONVERSION = YES;
				CLANG_WARN_OBJC_IMPLICIT_RETAIN_SELF = YES;
				CLANG_WARN_OBJC_LITERAL_CONVERSION = YES;
				CLANG_WARN_OBJC_ROOT_CLASS = YES_ERROR;
				CLANG_WARN_QUOTED_INCLUDE_IN_FRAMEWORK_HEADER = YES;
				CLANG_WARN_RANGE_LOOP_ANALYSIS = YES;
				CLANG_WARN_STRICT_PROTOTYPES = YES;
				CLANG_WARN_SUSPICIOUS_MOVE = YES;
				CLANG_WARN_UNGUARDED_AVAILABILITY = YES_AGGRESSIVE;
				CLANG_WARN_UNREACHABLE_CODE = YES;
				CLANG_WARN__DUPLICATE_METHOD_MATCH = YES;
				COPY_PHASE_STRIP = NO;
				DEBUG_INFORMATION_FORMAT = "dwarf-with-dsym";
				ENABLE_NS_ASSERTIONS = NO;
				ENABLE_STRICT_OBJC_MSGSEND = YES;
				GCC_C_LANGUAGE_STANDARD = gnu11;
				GCC_NO_COMMON_BLOCKS = YES;
				GCC_WARN_64_TO_32_BIT_CONVERSION = YES;
				GCC_WARN_ABOUT_RETURN_TYPE = YES_ERROR;
				GCC_WARN_UNDECLARED_SELECTOR = YES;
				GCC_WARN_UNINITIALIZED_AUTOS = YES_AGGRESSIVE;
				GCC_WARN_UNUSED_FUNCTION = YES;
				GCC_WARN_UNUSED_VARIABLE = YES;
				IPHONEOS_DEPLOYMENT_TARGET = 16.2;
				MTL_ENABLE_DEBUG_INFO = NO;
				MTL_FAST_MATH = YES;
				SDKROOT = iphoneos;
				SWIFT_COMPILATION_MODE = wholemodule;
				SWIFT_OPTIMIZATION_LEVEL = "-O";
				VALIDATE_PRODUCT = YES;
			};
			name = Release;
		};
		5C914DF4295DDBCD005F9A37 /* Debug */ = {
			isa = XCBuildConfiguration;
			buildSettings = {
				ASSETCATALOG_COMPILER_APPICON_NAME = AppIcon;
				ASSETCATALOG_COMPILER_GLOBAL_ACCENT_COLOR_NAME = AccentColor;
				CODE_SIGN_STYLE = Automatic;
				CURRENT_PROJECT_VERSION = 1;
				DEVELOPMENT_TEAM = 98YQ7MXK2M;
				GENERATE_INFOPLIST_FILE = YES;
				INFOPLIST_FILE = PointInPolygon/Info.plist;
				INFOPLIST_KEY_UIApplicationSupportsIndirectInputEvents = YES;
				INFOPLIST_KEY_UILaunchStoryboardName = LaunchScreen;
				INFOPLIST_KEY_UIMainStoryboardFile = Main;
				INFOPLIST_KEY_UISupportedInterfaceOrientations_iPad = "UIInterfaceOrientationPortrait UIInterfaceOrientationPortraitUpsideDown UIInterfaceOrientationLandscapeLeft UIInterfaceOrientationLandscapeRight";
				INFOPLIST_KEY_UISupportedInterfaceOrientations_iPhone = "UIInterfaceOrientationPortrait UIInterfaceOrientationLandscapeLeft UIInterfaceOrientationLandscapeRight";
				LD_RUNPATH_SEARCH_PATHS = (
					"$(inherited)",
					"@executable_path/Frameworks",
				);
				MARKETING_VERSION = 1.0;
				PRODUCT_BUNDLE_IDENTIFIER = ArtOz.PointInPolygon;
				PRODUCT_NAME = "$(TARGET_NAME)";
				SWIFT_EMIT_LOC_STRINGS = YES;
				SWIFT_VERSION = 5.0;
				TARGETED_DEVICE_FAMILY = "1,2";
			};
			name = Debug;
		};
		5C914DF5295DDBCD005F9A37 /* Release */ = {
			isa = XCBuildConfiguration;
			buildSettings = {
				ASSETCATALOG_COMPILER_APPICON_NAME = AppIcon;
				ASSETCATALOG_COMPILER_GLOBAL_ACCENT_COLOR_NAME = AccentColor;
				CODE_SIGN_STYLE = Automatic;
				CURRENT_PROJECT_VERSION = 1;
				DEVELOPMENT_TEAM = 98YQ7MXK2M;
				GENERATE_INFOPLIST_FILE = YES;
				INFOPLIST_FILE = PointInPolygon/Info.plist;
				INFOPLIST_KEY_UIApplicationSupportsIndirectInputEvents = YES;
				INFOPLIST_KEY_UILaunchStoryboardName = LaunchScreen;
				INFOPLIST_KEY_UIMainStoryboardFile = Main;
				INFOPLIST_KEY_UISupportedInterfaceOrientations_iPad = "UIInterfaceOrientationPortrait UIInterfaceOrientationPortraitUpsideDown UIInterfaceOrientationLandscapeLeft UIInterfaceOrientationLandscapeRight";
				INFOPLIST_KEY_UISupportedInterfaceOrientations_iPhone = "UIInterfaceOrientationPortrait UIInterfaceOrientationLandscapeLeft UIInterfaceOrientationLandscapeRight";
				LD_RUNPATH_SEARCH_PATHS = (
					"$(inherited)",
					"@executable_path/Frameworks",
				);
				MARKETING_VERSION = 1.0;
				PRODUCT_BUNDLE_IDENTIFIER = ArtOz.PointInPolygon;
				PRODUCT_NAME = "$(TARGET_NAME)";
				SWIFT_EMIT_LOC_STRINGS = YES;
				SWIFT_VERSION = 5.0;
				TARGETED_DEVICE_FAMILY = "1,2";
			};
			name = Release;
		};
		5C914DF7295DDBCD005F9A37 /* Debug */ = {
			isa = XCBuildConfiguration;
			buildSettings = {
				ALWAYS_EMBED_SWIFT_STANDARD_LIBRARIES = YES;
				BUNDLE_LOADER = "$(TEST_HOST)";
				CODE_SIGN_STYLE = Automatic;
				CURRENT_PROJECT_VERSION = 1;
				DEVELOPMENT_TEAM = 98YQ7MXK2M;
				GENERATE_INFOPLIST_FILE = YES;
				IPHONEOS_DEPLOYMENT_TARGET = 16.2;
				MARKETING_VERSION = 1.0;
				PRODUCT_BUNDLE_IDENTIFIER = ArtOz.PointInPolygonTests;
				PRODUCT_NAME = "$(TARGET_NAME)";
				SWIFT_EMIT_LOC_STRINGS = NO;
				SWIFT_VERSION = 5.0;
				TARGETED_DEVICE_FAMILY = "1,2";
				TEST_HOST = "$(BUILT_PRODUCTS_DIR)/PointInPolygon.app/$(BUNDLE_EXECUTABLE_FOLDER_PATH)/PointInPolygon";
			};
			name = Debug;
		};
		5C914DF8295DDBCD005F9A37 /* Release */ = {
			isa = XCBuildConfiguration;
			buildSettings = {
				ALWAYS_EMBED_SWIFT_STANDARD_LIBRARIES = YES;
				BUNDLE_LOADER = "$(TEST_HOST)";
				CODE_SIGN_STYLE = Automatic;
				CURRENT_PROJECT_VERSION = 1;
				DEVELOPMENT_TEAM = 98YQ7MXK2M;
				GENERATE_INFOPLIST_FILE = YES;
				IPHONEOS_DEPLOYMENT_TARGET = 16.2;
				MARKETING_VERSION = 1.0;
				PRODUCT_BUNDLE_IDENTIFIER = ArtOz.PointInPolygonTests;
				PRODUCT_NAME = "$(TARGET_NAME)";
				SWIFT_EMIT_LOC_STRINGS = NO;
				SWIFT_VERSION = 5.0;
				TARGETED_DEVICE_FAMILY = "1,2";
				TEST_HOST = "$(BUILT_PRODUCTS_DIR)/PointInPolygon.app/$(BUNDLE_EXECUTABLE_FOLDER_PATH)/PointInPolygon";
			};
			name = Release;
		};
		5C914DFA295DDBCD005F9A37 /* Debug */ = {
			isa = XCBuildConfiguration;
			buildSettings = {
				ALWAYS_EMBED_SWIFT_STANDARD_LIBRARIES = YES;
				CODE_SIGN_STYLE = Automatic;
				CURRENT_PROJECT_VERSION = 1;
				DEVELOPMENT_TEAM = 98YQ7MXK2M;
				GENERATE_INFOPLIST_FILE = YES;
				MARKETING_VERSION = 1.0;
				PRODUCT_BUNDLE_IDENTIFIER = ArtOz.PointInPolygonUITests;
				PRODUCT_NAME = "$(TARGET_NAME)";
				SWIFT_EMIT_LOC_STRINGS = NO;
				SWIFT_VERSION = 5.0;
				TARGETED_DEVICE_FAMILY = "1,2";
				TEST_TARGET_NAME = PointInPolygon;
			};
			name = Debug;
		};
		5C914DFB295DDBCD005F9A37 /* Release */ = {
			isa = XCBuildConfiguration;
			buildSettings = {
				ALWAYS_EMBED_SWIFT_STANDARD_LIBRARIES = YES;
				CODE_SIGN_STYLE = Automatic;
				CURRENT_PROJECT_VERSION = 1;
				DEVELOPMENT_TEAM = 98YQ7MXK2M;
				GENERATE_INFOPLIST_FILE = YES;
				MARKETING_VERSION = 1.0;
				PRODUCT_BUNDLE_IDENTIFIER = ArtOz.PointInPolygonUITests;
				PRODUCT_NAME = "$(TARGET_NAME)";
				SWIFT_EMIT_LOC_STRINGS = NO;
				SWIFT_VERSION = 5.0;
				TARGETED_DEVICE_FAMILY = "1,2";
				TEST_TARGET_NAME = PointInPolygon;
			};
			name = Release;
		};
/* End XCBuildConfiguration section */

/* Begin XCConfigurationList section */
		5C914DC4295DDBCA005F9A37 /* Build configuration list for PBXProject "PointInPolygon" */ = {
			isa = XCConfigurationList;
			buildConfigurations = (
				5C914DF1295DDBCD005F9A37 /* Debug */,
				5C914DF2295DDBCD005F9A37 /* Release */,
			);
			defaultConfigurationIsVisible = 0;
			defaultConfigurationName = Release;
		};
		5C914DF3295DDBCD005F9A37 /* Build configuration list for PBXNativeTarget "PointInPolygon" */ = {
			isa = XCConfigurationList;
			buildConfigurations = (
				5C914DF4295DDBCD005F9A37 /* Debug */,
				5C914DF5295DDBCD005F9A37 /* Release */,
			);
			defaultConfigurationIsVisible = 0;
			defaultConfigurationName = Release;
		};
		5C914DF6295DDBCD005F9A37 /* Build configuration list for PBXNativeTarget "PointInPolygonTests" */ = {
			isa = XCConfigurationList;
			buildConfigurations = (
				5C914DF7295DDBCD005F9A37 /* Debug */,
				5C914DF8295DDBCD005F9A37 /* Release */,
			);
			defaultConfigurationIsVisible = 0;
			defaultConfigurationName = Release;
		};
		5C914DF9295DDBCD005F9A37 /* Build configuration list for PBXNativeTarget "PointInPolygonUITests" */ = {
			isa = XCConfigurationList;
			buildConfigurations = (
				5C914DFA295DDBCD005F9A37 /* Debug */,
				5C914DFB295DDBCD005F9A37 /* Release */,
			);
			defaultConfigurationIsVisible = 0;
			defaultConfigurationName = Release;
		};
/* End XCConfigurationList section */
	};
	rootObject = 5C914DC1295DDBCA005F9A37 /* Project object */;
}
